
Microsoft Visual Studio Solution File, Format Version 12.00
# Visual Studio Version 17
VisualStudioVersion = 17.0.31903.59
MinimumVisualStudioVersion = 10.0.40219.1
Project("{FAE04EC0-301F-11D3-BF4B-00C04F79EFBC}") = "task13", "task13\task13.csproj", "{E46A5A2C-7C45-42E2-9483-B80031839626}"
EndProject
Project("{FAE04EC0-301F-11D3-BF4B-00C04F79EFBC}") = "task13tests", "task13tests\task13tests.csproj", "{0BF5696B-C50B-4308-91C5-7F3CA7297A18}"
EndProject
Project("{FAE04EC0-301F-11D3-BF4B-00C04F79EFBC}") = "JsonSerializer", "JsonSerializer\JsonSerializer.csproj", "{F28E7AD6-6506-45E2-893C-72297E9294FE}"
EndProject
Global
	GlobalSection(SolutionConfigurationPlatforms) = preSolution
		Debug|Any CPU = Debug|Any CPU
		Debug|x64 = Debug|x64
		Debug|x86 = Debug|x86
		Release|Any CPU = Release|Any CPU
		Release|x64 = Release|x64
		Release|x86 = Release|x86
	EndGlobalSection
	GlobalSection(ProjectConfigurationPlatforms) = postSolution
		{E46A5A2C-7C45-42E2-9483-B80031839626}.Debug|Any CPU.ActiveCfg = Debug|Any CPU
		{E46A5A2C-7C45-42E2-9483-B80031839626}.Debug|Any CPU.Build.0 = Debug|Any CPU
		{E46A5A2C-7C45-42E2-9483-B80031839626}.Debug|x64.ActiveCfg = Debug|Any CPU
		{E46A5A2C-7C45-42E2-9483-B80031839626}.Debug|x64.Build.0 = Debug|Any CPU
		{E46A5A2C-7C45-42E2-9483-B80031839626}.Debug|x86.ActiveCfg = Debug|Any CPU
		{E46A5A2C-7C45-42E2-9483-B80031839626}.Debug|x86.Build.0 = Debug|Any CPU
		{E46A5A2C-7C45-42E2-9483-B80031839626}.Release|Any CPU.ActiveCfg = Release|Any CPU
		{E46A5A2C-7C45-42E2-9483-B80031839626}.Release|Any CPU.Build.0 = Release|Any CPU
		{E46A5A2C-7C45-42E2-9483-B80031839626}.Release|x64.ActiveCfg = Release|Any CPU
		{E46A5A2C-7C45-42E2-9483-B80031839626}.Release|x64.Build.0 = Release|Any CPU
		{E46A5A2C-7C45-42E2-9483-B80031839626}.Release|x86.ActiveCfg = Release|Any CPU
		{E46A5A2C-7C45-42E2-9483-B80031839626}.Release|x86.Build.0 = Release|Any CPU
		{0BF5696B-C50B-4308-91C5-7F3CA7297A18}.Debug|Any CPU.ActiveCfg = Debug|Any CPU
		{0BF5696B-C50B-4308-91C5-7F3CA7297A18}.Debug|Any CPU.Build.0 = Debug|Any CPU
		{0BF5696B-C50B-4308-91C5-7F3CA7297A18}.Debug|x64.ActiveCfg = Debug|Any CPU
		{0BF5696B-C50B-4308-91C5-7F3CA7297A18}.Debug|x64.Build.0 = Debug|Any CPU
		{0BF5696B-C50B-4308-91C5-7F3CA7297A18}.Debug|x86.ActiveCfg = Debug|Any CPU
		{0BF5696B-C50B-4308-91C5-7F3CA7297A18}.Debug|x86.Build.0 = Debug|Any CPU
		{0BF5696B-C50B-4308-91C5-7F3CA7297A18}.Release|Any CPU.ActiveCfg = Release|Any CPU
		{0BF5696B-C50B-4308-91C5-7F3CA7297A18}.Release|Any CPU.Build.0 = Release|Any CPU
		{0BF5696B-C50B-4308-91C5-7F3CA7297A18}.Release|x64.ActiveCfg = Release|Any CPU
		{0BF5696B-C50B-4308-91C5-7F3CA7297A18}.Release|x64.Build.0 = Release|Any CPU
		{0BF5696B-C50B-4308-91C5-7F3CA7297A18}.Release|x86.ActiveCfg = Release|Any CPU
		{0BF5696B-C50B-4308-91C5-7F3CA7297A18}.Release|x86.Build.0 = Release|Any CPU
		{F28E7AD6-6506-45E2-893C-72297E9294FE}.Debug|Any CPU.ActiveCfg = Debug|Any CPU
		{F28E7AD6-6506-45E2-893C-72297E9294FE}.Debug|Any CPU.Build.0 = Debug|Any CPU
		{F28E7AD6-6506-45E2-893C-72297E9294FE}.Debug|x64.ActiveCfg = Debug|Any CPU
		{F28E7AD6-6506-45E2-893C-72297E9294FE}.Debug|x64.Build.0 = Debug|Any CPU
		{F28E7AD6-6506-45E2-893C-72297E9294FE}.Debug|x86.ActiveCfg = Debug|Any CPU
		{F28E7AD6-6506-45E2-893C-72297E9294FE}.Debug|x86.Build.0 = Debug|Any CPU
		{F28E7AD6-6506-45E2-893C-72297E9294FE}.Release|Any CPU.ActiveCfg = Release|Any CPU
		{F28E7AD6-6506-45E2-893C-72297E9294FE}.Release|Any CPU.Build.0 = Release|Any CPU
		{F28E7AD6-6506-45E2-893C-72297E9294FE}.Release|x64.ActiveCfg = Release|Any CPU
		{F28E7AD6-6506-45E2-893C-72297E9294FE}.Release|x64.Build.0 = Release|Any CPU
		{F28E7AD6-6506-45E2-893C-72297E9294FE}.Release|x86.ActiveCfg = Release|Any CPU
		{F28E7AD6-6506-45E2-893C-72297E9294FE}.Release|x86.Build.0 = Release|Any CPU
	EndGlobalSection
	GlobalSection(SolutionProperties) = preSolution
		HideSolutionNode = FALSE
	EndGlobalSection
EndGlobal
